// !$*UTF8*$!
{
	archiveVersion = 1;
	classes = {
	};
	objectVersion = 47;
	objects = {

/* Begin PBXBuildFile section */
		7513686B1C98A0CC00EDEEBB /* main.m in Sources */ = {isa = PBXBuildFile; fileRef = 7513686A1C98A0CC00EDEEBB /* main.m */; };
		751368771C98B0DB00EDEEBB /* PolygonShape.m in Sources */ = {isa = PBXBuildFile; fileRef = 751368761C98B0DB00EDEEBB /* PolygonShape.m */; };
/* End PBXBuildFile section */

/* Begin PBXCopyFilesBuildPhase section */
		751368651C98A0CC00EDEEBB /* CopyFiles */ = {
			isa = PBXCopyFilesBuildPhase;
			buildActionMask = 2147483647;
			dstPath = /usr/share/man/man1/;
			dstSubfolderSpec = 0;
			files = (
			);
			runOnlyForDeploymentPostprocessing = 1;
		};
/* End PBXCopyFilesBuildPhase section */

/* Begin PBXFileReference section */
		751368671C98A0CC00EDEEBB /* WhatATool */ = {isa = PBXFileReference; explicitFileType = "compiled.mach-o.executable"; includeInIndex = 0; path = WhatATool; sourceTree = BUILT_PRODUCTS_DIR; };
		7513686A1C98A0CC00EDEEBB /* main.m */ = {isa = PBXFileReference; lastKnownFileType = sourcecode.c.objc; path = main.m; sourceTree = "<group>"; };
		751368751C98B0B700EDEEBB /* PolygonShape.h */ = {isa = PBXFileReference; lastKnownFileType = sourcecode.c.h; path = PolygonShape.h; sourceTree = "<group>"; };
		751368761C98B0DB00EDEEBB /* PolygonShape.m */ = {isa = PBXFileReference; fileEncoding = 4; lastKnownFileType = sourcecode.c.objc; path = PolygonShape.m; sourceTree = "<group>"; };
/* End PBXFileReference section */

/* Begin PBXFrameworksBuildPhase section */
		751368641C98A0CC00EDEEBB /* Frameworks */ = {
			isa = PBXFrameworksBuildPhase;
			buildActionMask = 2147483647;
			files = (
			);
			runOnlyForDeploymentPostprocessing = 0;
		};
/* End PBXFrameworksBuildPhase section */

/* Begin PBXGroup section */
		7513685E1C98A0CC00EDEEBB = {
			isa = PBXGroup;
			children = (
				751368691C98A0CC00EDEEBB /* WhatATool */,
				751368681C98A0CC00EDEEBB /* Products */,
			);
			sourceTree = "<group>";
		};
		751368681C98A0CC00EDEEBB /* Products */ = {
			isa = PBXGroup;
			children = (
				751368671C98A0CC00EDEEBB /* WhatATool */,
			);
			name = Products;
			sourceTree = "<group>";
		};
		751368691C98A0CC00EDEEBB /* WhatATool */ = {
			isa = PBXGroup;
			children = (
				7513686A1C98A0CC00EDEEBB /* main.m */,
				751368751C98B0B700EDEEBB /* PolygonShape.h */,
				751368761C98B0DB00EDEEBB /* PolygonShape.m */,
			);
			path = WhatATool;
			sourceTree = "<group>";
		};
/* End PBXGroup section */

/* Begin PBXNativeTarget section */
		751368661C98A0CC00EDEEBB /* WhatATool */ = {
			isa = PBXNativeTarget;
			buildConfigurationList = 7513686E1C98A0CC00EDEEBB /* Build configuration list for PBXNativeTarget "WhatATool" */;
			buildPhases = (
				751368631C98A0CC00EDEEBB /* Sources */,
				751368641C98A0CC00EDEEBB /* Frameworks */,
				751368651C98A0CC00EDEEBB /* CopyFiles */,
			);
			buildRules = (
			);
			dependencies = (
			);
			name = WhatATool;
			productName = WhatATool;
			productReference = 751368671C98A0CC00EDEEBB /* WhatATool */;
			productType = "com.apple.product-type.tool";
		};
/* End PBXNativeTarget section */

/* Begin PBXProject section */
		7513685F1C98A0CC00EDEEBB /* Project object */ = {
			isa = PBXProject;
			attributes = {
				LastUpgradeCheck = 0640;
				ORGANIZATIONNAME = "McMaster-Carr";
				TargetAttributes = {
					751368661C98A0CC00EDEEBB = {
						CreatedOnToolsVersion = 6.4;
					};
				};
			};
			buildConfigurationList = 751368621C98A0CC00EDEEBB /* Build configuration list for PBXProject "WhatATool" */;
			compatibilityVersion = "Xcode 6.3";
			developmentRegion = English;
			hasScannedForEncodings = 0;
			knownRegions = (
				en,
			);
			mainGroup = 7513685E1C98A0CC00EDEEBB;
			productRefGroup = 751368681C98A0CC00EDEEBB /* Products */;
			projectDirPath = "";
			projectRoot = "";
			targets = (
				751368661C98A0CC00EDEEBB /* WhatATool */,
			);
		};
/* End PBXProject section */

/* Begin PBXSourcesBuildPhase section */
		751368631C98A0CC00EDEEBB /* Sources */ = {
			isa = PBXSourcesBuildPhase;
			buildActionMask = 2147483647;
			files = (
				751368771C98B0DB00EDEEBB /* PolygonShape.m in Sources */,
				7513686B1C98A0CC00EDEEBB /* main.m in Sources */,
			);
			runOnlyForDeploymentPostprocessing = 0;
		};
/* End PBXSourcesBuildPhase section */

/* Begin XCBuildConfiguration section */
		7513686C1C98A0CC00EDEEBB /* Debug */ = {
			isa = XCBuildConfiguration;
			buildSettings = {
				ALWAYS_SEARCH_USER_PATHS = NO;
				CLANG_CXX_LANGUAGE_STANDARD = "gnu++0x";
				CLANG_CXX_LIBRARY = "libc++";
				CLANG_ENABLE_MODULES = YES;
				CLANG_ENABLE_OBJC_ARC = NO;
				CLANG_WARN_BOOL_CONVERSION = YES;
				CLANG_WARN_CONSTANT_CONVERSION = YES;
				CLANG_WARN_DIRECT_OBJC_ISA_USAGE = YES_ERROR;
				CLANG_WARN_EMPTY_BODY = YES;
				CLANG_WARN_ENUM_CONVERSION = YES;
				CLANG_WARN_INT_CONVERSION = YES;
				CLANG_WARN_OBJC_ROOT_CLASS = YES_ERROR;
				CLANG_WARN_UNREACHABLE_CODE = YES;
				CLANG_WARN__DUPLICATE_METHOD_MATCH = YES;
				COPY_PHASE_STRIP = NO;
				DEBUG_INFORMATION_FORMAT = dwarf;
				ENABLE_STRICT_OBJC_MSGSEND = YES;
				GCC_C_LANGUAGE_STANDARD = gnu99;
				GCC_DYNAMIC_NO_PIC = NO;
				GCC_NO_COMMON_BLOCKS = YES;
				GCC_OPTIMIZATION_LEVEL = 0;
				GCC_PREPROCESSOR_DEFINITIONS = (
					"DEBUG=1",
					"$(inherited)",
				);
				GCC_SYMBOLS_PRIVATE_EXTERN = NO;
				GCC_WARN_64_TO_32_BIT_CONVERSION = YES;
				GCC_WARN_ABOUT_RETURN_TYPE = YES_ERROR;
				GCC_WARN_UNDECLARED_SELECTOR = YES;
				GCC_WARN_UNINITIALIZED_AUTOS = YES_AGGRESSIVE;
				GCC_WARN_UNUSED_FUNCTION = YES;
				GCC_WARN_UNUSED_VARIABLE = YES;
				MACOSX_DEPLOYMENT_TARGET = 10.10;
				MTL_ENABLE_DEBUG_INFO = YES;
				ONLY_ACTIVE_ARCH = YES;
				SDKROOT = macosx;
			};
			name = Debug;
		};
		7513686D1C98A0CC00EDEEBB /* Release */ = {
			isa = XCBuildConfiguration;
			buildSettings = {
				ALWAYS_SEARCH_USER_PATHS = NO;
				CLANG_CXX_LANGUAGE_STANDARD = "gnu++0x";
				CLANG_CXX_LIBRARY = "libc++";
				CLANG_ENABLE_MODULES = YES;
				CLANG_ENABLE_OBJC_ARC = NO;
				CLANG_WARN_BOOL_CONVERSION = YES;
				CLANG_WARN_CONSTANT_CONVERSION = YES;
				CLANG_WARN_DIRECT_OBJC_ISA_USAGE = YES_ERROR;
				CLANG_WARN_EMPTY_BODY = YES;
				CLANG_WARN_ENUM_CONVERSION = YES;
				CLANG_WARN_INT_CONVERSION = YES;
				CLANG_WARN_OBJC_ROOT_CLASS = YES_ERROR;
				CLANG_WARN_UNREACHABLE_CODE = YES;
				CLANG_WARN__DUPLICATE_METHOD_MATCH = YES;
				COPY_PHASE_STRIP = NO;
				DEBUG_INFORMATION_FORMAT = "dwarf-with-dsym";
				ENABLE_NS_ASSERTIONS = NO;
				ENABLE_STRICT_OBJC_MSGSEND = YES;
				GCC_C_LANGUAGE_STANDARD = gnu99;
				GCC_NO_COMMON_BLOCKS = YES;
				GCC_WARN_64_TO_32_BIT_CONVERSION = YES;
				GCC_WARN_ABOUT_RETURN_TYPE = YES_ERROR;
				GCC_WARN_UNDECLARED_SELECTOR = YES;
				GCC_WARN_UNINITIALIZED_AUTOS = YES_AGGRESSIVE;
				GCC_WARN_UNUSED_FUNCTION = YES;
				GCC_WARN_UNUSED_VARIABLE = YES;
				MACOSX_DEPLOYMENT_TARGET = 10.10;
				MTL_ENABLE_DEBUG_INFO = NO;
				SDKROOT = macosx;
			};
			name = Release;
		};
		7513686F1C98A0CC00EDEEBB /* Debug */ = {
			isa = XCBuildConfiguration;
			buildSettings = {
				PRODUCT_NAME = "$(TARGET_NAME)";
			};
			name = Debug;
		};
		751368701C98A0CC00EDEEBB /* Release */ = {
			isa = XCBuildConfiguration;
			buildSettings = {
				PRODUCT_NAME = "$(TARGET_NAME)";
			};
			name = Release;
		};
/* End XCBuildConfiguration section */

/* Begin XCConfigurationList section */
		751368621C98A0CC00EDEEBB /* Build configuration list for PBXProject "WhatATool" */ = {
			isa = XCConfigurationList;
			buildConfigurations = (
				7513686C1C98A0CC00EDEEBB /* Debug */,
				7513686D1C98A0CC00EDEEBB /* Release */,
			);
			defaultConfigurationIsVisible = 0;
			defaultConfigurationName = Release;
		};
		7513686E1C98A0CC00EDEEBB /* Build configuration list for PBXNativeTarget "WhatATool" */ = {
			isa = XCConfigurationList;
			buildConfigurations = (
				7513686F1C98A0CC00EDEEBB /* Debug */,
				751368701C98A0CC00EDEEBB /* Release */,
			);
			defaultConfigurationIsVisible = 0;
		};
/* End XCConfigurationList section */
	};
	rootObject = 7513685F1C98A0CC00EDEEBB /* Project object */;
}
